
Microsoft Visual Studio Solution File, Format Version 12.00
# Visual Studio 15
VisualStudioVersion = 15.0.28307.902
MinimumVisualStudioVersion = 10.0.40219.1
Project("{FAE04EC0-301F-11D3-BF4B-00C04F79EFBC}") = "otogalerisistemi", "otogalerisistemi\otogalerisistemi.csproj", "{7C9BBA5E-A973-4CC4-BEF2-352E93ABCDC0}"
EndProject
Global
	GlobalSection(SolutionConfigurationPlatforms) = preSolution
		Debug|Any CPU = Debug|Any CPU
		Release|Any CPU = Release|Any CPU
	EndGlobalSection
	GlobalSection(ProjectConfigurationPlatforms) = postSolution
		{7C9BBA5E-A973-4CC4-BEF2-352E93ABCDC0}.Debug|Any CPU.ActiveCfg = Debug|Any CPU
		{7C9BBA5E-A973-4CC4-BEF2-352E93ABCDC0}.Debug|Any CPU.Build.0 = Debug|Any CPU
		{7C9BBA5E-A973-4CC4-BEF2-352E93ABCDC0}.Release|Any CPU.ActiveCfg = Release|Any CPU
		{7C9BBA5E-A973-4CC4-BEF2-352E93ABCDC0}.Release|Any CPU.Build.0 = Release|Any CPU
	EndGlobalSection
	GlobalSection(SolutionProperties) = preSolution
		HideSolutionNode = FALSE
	EndGlobalSection
	GlobalSection(ExtensibilityGlobals) = postSolution
		SolutionGuid = {4D078815-C358-407E-BE3C-E16B89BF6F04}
	EndGlobalSection
EndGlobal
